
Microsoft Visual Studio Solution File, Format Version 12.00
# Visual Studio Version 17
VisualStudioVersion = 17.5.33530.505
MinimumVisualStudioVersion = 10.0.40219.1
Project("{FAE04EC0-301F-11D3-BF4B-00C04F79EFBC}") = "restapimvc", "restapimvc\restapimvc.csproj", "{6006E95A-DF94-4890-B71A-72BAE909B414}"
EndProject
Global
	GlobalSection(SolutionConfigurationPlatforms) = preSolution
		Debug|Any CPU = Debug|Any CPU
		Release|Any CPU = Release|Any CPU
	EndGlobalSection
	GlobalSection(ProjectConfigurationPlatforms) = postSolution
		{6006E95A-DF94-4890-B71A-72BAE909B414}.Debug|Any CPU.ActiveCfg = Debug|Any CPU
		{6006E95A-DF94-4890-B71A-72BAE909B414}.Debug|Any CPU.Build.0 = Debug|Any CPU
		{6006E95A-DF94-4890-B71A-72BAE909B414}.Release|Any CPU.ActiveCfg = Release|Any CPU
		{6006E95A-DF94-4890-B71A-72BAE909B414}.Release|Any CPU.Build.0 = Release|Any CPU
	EndGlobalSection
	GlobalSection(SolutionProperties) = preSolution
		HideSolutionNode = FALSE
	EndGlobalSection
	GlobalSection(ExtensibilityGlobals) = postSolution
		SolutionGuid = {5DF58678-D7C7-43A4-B08B-44E1A64A98D8}
	EndGlobalSection
EndGlobal
